
Microsoft Visual Studio Solution File, Format Version 12.00
# Visual Studio Version 17
VisualStudioVersion = 17.4.33213.308
MinimumVisualStudioVersion = 10.0.40219.1
Project("{9A19103F-16F7-4668-BE54-9A1E7A4F7556}") = "ConsoleApp1", "ConsoleApp1\ConsoleApp1.csproj", "{06F39344-C475-41A4-9F68-ECF5A93A52E9}"
EndProject
Project("{9A19103F-16F7-4668-BE54-9A1E7A4F7556}") = "UnitTestProject", "UnitTestProject\UnitTestProject.csproj", "{C7FE8E2B-DBC6-403C-9F1A-EA432C9A680C}"
EndProject
Project("{2150E333-8FDC-42A3-9474-1A3956D46DE8}") = "Solution Items", "Solution Items", "{A6A70116-1562-4DA2-9D08-B1180B88D9E1}"
	ProjectSection(SolutionItems) = preProject
		GitHubAPI.py = GitHubAPI.py
		MSBuild.exe.txt = MSBuild.exe.txt
		Note.txt = Note.txt
		numLineFile.bat = numLineFile.bat
		t.bat = t.bat
		Test.txt = Test.txt
		TestPR.py = TestPR.py
	EndProjectSection
EndProject
Project("{2150E333-8FDC-42A3-9474-1A3956D46DE8}") = "CMD_FullBuilder", "CMD_FullBuilder", "{31EBD676-4BD0-4C00-B564-FD71F764D1FF}"
	ProjectSection(SolutionItems) = preProject
		cmd_FullBuilder V0.txt = cmd_FullBuilder V0.txt
		cmd_FullBuilder V1.txt = cmd_FullBuilder V1.txt
		cmd_FullBuilder V2.txt = cmd_FullBuilder V2.txt
		cmd_FullBuilder V3.txt = cmd_FullBuilder V3.txt
		cmd_FullBuilder V4.txt = cmd_FullBuilder V4.txt
		draft.txt = draft.txt
	EndProjectSection
EndProject
Global
	GlobalSection(SolutionConfigurationPlatforms) = preSolution
		Debug|Any CPU = Debug|Any CPU
		Release|Any CPU = Release|Any CPU
	EndGlobalSection
	GlobalSection(ProjectConfigurationPlatforms) = postSolution
		{06F39344-C475-41A4-9F68-ECF5A93A52E9}.Debug|Any CPU.ActiveCfg = Debug|Any CPU
		{06F39344-C475-41A4-9F68-ECF5A93A52E9}.Debug|Any CPU.Build.0 = Debug|Any CPU
		{06F39344-C475-41A4-9F68-ECF5A93A52E9}.Release|Any CPU.ActiveCfg = Release|Any CPU
		{06F39344-C475-41A4-9F68-ECF5A93A52E9}.Release|Any CPU.Build.0 = Release|Any CPU
		{C7FE8E2B-DBC6-403C-9F1A-EA432C9A680C}.Debug|Any CPU.ActiveCfg = Debug|Any CPU
		{C7FE8E2B-DBC6-403C-9F1A-EA432C9A680C}.Debug|Any CPU.Build.0 = Debug|Any CPU
		{C7FE8E2B-DBC6-403C-9F1A-EA432C9A680C}.Release|Any CPU.ActiveCfg = Release|Any CPU
		{C7FE8E2B-DBC6-403C-9F1A-EA432C9A680C}.Release|Any CPU.Build.0 = Release|Any CPU
	EndGlobalSection
	GlobalSection(SolutionProperties) = preSolution
		HideSolutionNode = FALSE
	EndGlobalSection
	GlobalSection(ExtensibilityGlobals) = postSolution
		SolutionGuid = {88E50967-7CFC-4B5D-ACFE-593A56D22F8C}
	EndGlobalSection
EndGlobal
